STORAGE: NONE
RESTRICTION: == net10.0
NUGET
  remote: https://api.nuget.org/v3/index.json
    FSharp.Control.AsyncSeq (3.2.1)
      FSharp.Core (>= 4.7.2)
      Microsoft.Bcl.AsyncInterfaces (>= 5.0)
    FSharp.Core (10.0.101)
    Microsoft.Agents.AI (1.0.0-preview.251219.1)
      Microsoft.Agents.AI.Abstractions (>= 1.0.0-preview.251219.1)
      Microsoft.Extensions.AI (>= 10.1.1)
      Microsoft.Extensions.AI.Abstractions (>= 10.1.1)
      Microsoft.Extensions.DependencyInjection.Abstractions (>= 10.0.1)
      Microsoft.Extensions.Logging.Abstractions (>= 10.0.1)
      Microsoft.Extensions.VectorData.Abstractions (>= 9.7)
    Microsoft.Agents.AI.Abstractions (1.0.0-preview.251219.1)
      Microsoft.Extensions.AI.Abstractions (>= 10.1.1)
      Microsoft.Extensions.DependencyInjection.Abstractions (>= 10.0.1)
      Microsoft.Extensions.Logging.Abstractions (>= 10.0.1)
    Microsoft.Agents.AI.OpenAI (1.0.0-preview.251219.1)
      Microsoft.Agents.AI (>= 1.0.0-preview.251219.1)
      Microsoft.Extensions.AI (>= 10.1.1)
      Microsoft.Extensions.AI.Abstractions (>= 10.1.1)
      Microsoft.Extensions.AI.OpenAI (>= 10.1.1-preview.1.25612.2)
      Microsoft.Extensions.DependencyInjection.Abstractions (>= 10.0.1)
      Microsoft.Extensions.Logging.Abstractions (>= 10.0.1)
      Microsoft.Extensions.VectorData.Abstractions (>= 9.7)
      OpenAI (>= 2.8)
      System.ClientModel (>= 1.8.1)
    Microsoft.Bcl.AsyncInterfaces (10.0.1)
    Microsoft.Extensions.AI (10.1.1)
      Microsoft.Extensions.AI.Abstractions (>= 10.1.1)
      Microsoft.Extensions.Caching.Abstractions (>= 10.0.1)
      Microsoft.Extensions.DependencyInjection.Abstractions (>= 10.0.1)
      Microsoft.Extensions.Logging.Abstractions (>= 10.0.1)
      System.Numerics.Tensors (>= 10.0.1)
    Microsoft.Extensions.AI.Abstractions (10.1.1)
    Microsoft.Extensions.AI.OpenAI (10.1.1-preview.1.25612.2)
      Microsoft.Extensions.AI.Abstractions (>= 10.1.1)
      OpenAI (>= 2.8)
    Microsoft.Extensions.Caching.Abstractions (10.0.1)
      Microsoft.Extensions.Primitives (>= 10.0.1)
    Microsoft.Extensions.DependencyInjection.Abstractions (10.0.1)
    Microsoft.Extensions.Logging.Abstractions (10.0.1)
      Microsoft.Extensions.DependencyInjection.Abstractions (>= 10.0.1)
    Microsoft.Extensions.Primitives (10.0.1)
    Microsoft.Extensions.VectorData.Abstractions (9.7)
      Microsoft.Extensions.AI.Abstractions (>= 9.5)
    Newtonsoft.Json (13.0.4)
    OpenAI (2.8)
      System.ClientModel (>= 1.8.1)
      System.Net.ServerSentEvents (>= 9.0.9)
    System.ClientModel (1.8.1)
      Microsoft.Extensions.Logging.Abstractions (>= 8.0.3)
      System.Memory.Data (>= 8.0.1)
    System.Memory.Data (10.0.1)
    System.Net.ServerSentEvents (10.0.1)
    System.Numerics.Tensors (10.0.1)
